
Microsoft Visual Studio Solution File, Format Version 12.00
# Visual Studio Version 16
VisualStudioVersion = 16.0.31729.503
MinimumVisualStudioVersion = 10.0.40219.1
Project("{FAE04EC0-301F-11D3-BF4B-00C04F79EFBC}") = "GrpcServer", "GrpcServer\GrpcServer.csproj", "{3B3C96CB-B993-49C0-98D5-E2046B8C0D3C}"
EndProject
Project("{FAE04EC0-301F-11D3-BF4B-00C04F79EFBC}") = "GrpcClient", "GrpcClient\GrpcClient.csproj", "{0FCC8FFF-9EBA-49A2-ABF7-4D16AFFED770}"
EndProject
Global
	GlobalSection(SolutionConfigurationPlatforms) = preSolution
		Debug|Any CPU = Debug|Any CPU
		Release|Any CPU = Release|Any CPU
	EndGlobalSection
	GlobalSection(ProjectConfigurationPlatforms) = postSolution
		{3B3C96CB-B993-49C0-98D5-E2046B8C0D3C}.Debug|Any CPU.ActiveCfg = Debug|Any CPU
		{3B3C96CB-B993-49C0-98D5-E2046B8C0D3C}.Debug|Any CPU.Build.0 = Debug|Any CPU
		{3B3C96CB-B993-49C0-98D5-E2046B8C0D3C}.Release|Any CPU.ActiveCfg = Release|Any CPU
		{3B3C96CB-B993-49C0-98D5-E2046B8C0D3C}.Release|Any CPU.Build.0 = Release|Any CPU
		{0FCC8FFF-9EBA-49A2-ABF7-4D16AFFED770}.Debug|Any CPU.ActiveCfg = Debug|Any CPU
		{0FCC8FFF-9EBA-49A2-ABF7-4D16AFFED770}.Debug|Any CPU.Build.0 = Debug|Any CPU
		{0FCC8FFF-9EBA-49A2-ABF7-4D16AFFED770}.Release|Any CPU.ActiveCfg = Release|Any CPU
		{0FCC8FFF-9EBA-49A2-ABF7-4D16AFFED770}.Release|Any CPU.Build.0 = Release|Any CPU
	EndGlobalSection
	GlobalSection(SolutionProperties) = preSolution
		HideSolutionNode = FALSE
	EndGlobalSection
	GlobalSection(ExtensibilityGlobals) = postSolution
		SolutionGuid = {261C59E1-5226-4332-9285-EAEF5BD3BF1B}
	EndGlobalSection
EndGlobal
